
Microsoft Visual Studio Solution File, Format Version 12.00
# Visual Studio Version 16
VisualStudioVersion = 16.0.810.0
MinimumVisualStudioVersion = 10.0.40219.1
Project("{FAE04EC0-301F-11D3-BF4B-00C04F79EFBC}") = "AddressBook", "AddressBook.csproj", "{F33C145D-413A-4F0E-9C65-6E5DABF399A6}"
EndProject
Global
	GlobalSection(SolutionConfigurationPlatforms) = preSolution
		Debug|Any CPU = Debug|Any CPU
		Release|Any CPU = Release|Any CPU
	EndGlobalSection
	GlobalSection(ProjectConfigurationPlatforms) = postSolution
		{F33C145D-413A-4F0E-9C65-6E5DABF399A6}.Debug|Any CPU.ActiveCfg = Debug|Any CPU
		{F33C145D-413A-4F0E-9C65-6E5DABF399A6}.Debug|Any CPU.Build.0 = Debug|Any CPU
		{F33C145D-413A-4F0E-9C65-6E5DABF399A6}.Release|Any CPU.ActiveCfg = Release|Any CPU
		{F33C145D-413A-4F0E-9C65-6E5DABF399A6}.Release|Any CPU.Build.0 = Release|Any CPU
	EndGlobalSection
	GlobalSection(SolutionProperties) = preSolution
		HideSolutionNode = FALSE
	EndGlobalSection
	GlobalSection(ExtensibilityGlobals) = postSolution
		SolutionGuid = {2850E5BA-1635-4F9A-9236-8127AD5D1084}
	EndGlobalSection
EndGlobal
